
Microsoft Visual Studio Solution File, Format Version 12.00
# Visual Studio 15
VisualStudioVersion = 15.0.27130.2027
MinimumVisualStudioVersion = 10.0.40219.1
Project("{FAE04EC0-301F-11D3-BF4B-00C04F79EFBC}") = "hacksembler", "hacksembler.csproj", "{0B70DDAE-8FE2-470D-AA5F-004163CF823F}"
EndProject
Global
	GlobalSection(SolutionConfigurationPlatforms) = preSolution
		Debug|Any CPU = Debug|Any CPU
		Release|Any CPU = Release|Any CPU
	EndGlobalSection
	GlobalSection(ProjectConfigurationPlatforms) = postSolution
		{0B70DDAE-8FE2-470D-AA5F-004163CF823F}.Debug|Any CPU.ActiveCfg = Debug|Any CPU
		{0B70DDAE-8FE2-470D-AA5F-004163CF823F}.Debug|Any CPU.Build.0 = Debug|Any CPU
		{0B70DDAE-8FE2-470D-AA5F-004163CF823F}.Release|Any CPU.ActiveCfg = Release|Any CPU
		{0B70DDAE-8FE2-470D-AA5F-004163CF823F}.Release|Any CPU.Build.0 = Release|Any CPU
	EndGlobalSection
	GlobalSection(SolutionProperties) = preSolution
		HideSolutionNode = FALSE
	EndGlobalSection
	GlobalSection(ExtensibilityGlobals) = postSolution
		SolutionGuid = {3CFF4CD3-D167-4968-9003-25B60A267E15}
	EndGlobalSection
EndGlobal
